// !$*UTF8*$!
{
	archiveVersion = 1;
	classes = {
	};
	objectVersion = 56;
	objects = {

/* Begin PBXBuildFile section */
		675B69A629485DB800745629 /* SignupApp.swift in Sources */ = {isa = PBXBuildFile; fileRef = 675B69A529485DB800745629 /* SignupApp.swift */; };
		675B69A829485DB800745629 /* SignUp.swift in Sources */ = {isa = PBXBuildFile; fileRef = 675B69A729485DB800745629 /* SignUp.swift */; };
		675B69AA29485DBA00745629 /* Assets.xcassets in Resources */ = {isa = PBXBuildFile; fileRef = 675B69A929485DBA00745629 /* Assets.xcassets */; };
		675B69AD29485DBA00745629 /* Preview Assets.xcassets in Resources */ = {isa = PBXBuildFile; fileRef = 675B69AC29485DBA00745629 /* Preview Assets.xcassets */; };
		675B69B729485DBA00745629 /* SignupTests.swift in Sources */ = {isa = PBXBuildFile; fileRef = 675B69B629485DBA00745629 /* SignupTests.swift */; };
		675B69C129485DBA00745629 /* SignupUITests.swift in Sources */ = {isa = PBXBuildFile; fileRef = 675B69C029485DBA00745629 /* SignupUITests.swift */; };
		675B69C329485DBA00745629 /* SignupUITestsLaunchTests.swift in Sources */ = {isa = PBXBuildFile; fileRef = 675B69C229485DBA00745629 /* SignupUITestsLaunchTests.swift */; };
		675B69D029485F4100745629 /* Color.swift in Sources */ = {isa = PBXBuildFile; fileRef = 675B69CF29485F4100745629 /* Color.swift */; };
		67B2C4DA2951B1420015467D /* SignIn.swift in Sources */ = {isa = PBXBuildFile; fileRef = 67B2C4D92951B1420015467D /* SignIn.swift */; };
		67B2C4DC295217830015467D /* Con.payment.swift in Sources */ = {isa = PBXBuildFile; fileRef = 67B2C4DB295217830015467D /* Con.payment.swift */; };
		67B2C4DE2952183F0015467D /* Splash.swift in Sources */ = {isa = PBXBuildFile; fileRef = 67B2C4DD2952183F0015467D /* Splash.swift */; };
/* End PBXBuildFile section */

/* Begin PBXContainerItemProxy section */
		675B69B329485DBA00745629 /* PBXContainerItemProxy */ = {
			isa = PBXContainerItemProxy;
			containerPortal = 675B699A29485DB800745629 /* Project object */;
			proxyType = 1;
			remoteGlobalIDString = 675B69A129485DB800745629;
			remoteInfo = Signup;
		};
		675B69BD29485DBA00745629 /* PBXContainerItemProxy */ = {
			isa = PBXContainerItemProxy;
			containerPortal = 675B699A29485DB800745629 /* Project object */;
			proxyType = 1;
			remoteGlobalIDString = 675B69A129485DB800745629;
			remoteInfo = Signup;
		};
/* End PBXContainerItemProxy section */

/* Begin PBXFileReference section */
		675B69A229485DB800745629 /* Signup.app */ = {isa = PBXFileReference; explicitFileType = wrapper.application; includeInIndex = 0; path = Signup.app; sourceTree = BUILT_PRODUCTS_DIR; };
		675B69A529485DB800745629 /* SignupApp.swift */ = {isa = PBXFileReference; lastKnownFileType = sourcecode.swift; path = SignupApp.swift; sourceTree = "<group>"; };
		675B69A729485DB800745629 /* SignUp.swift */ = {isa = PBXFileReference; lastKnownFileType = sourcecode.swift; path = SignUp.swift; sourceTree = "<group>"; };
		675B69A929485DBA00745629 /* Assets.xcassets */ = {isa = PBXFileReference; lastKnownFileType = folder.assetcatalog; path = Assets.xcassets; sourceTree = "<group>"; };
		675B69AC29485DBA00745629 /* Preview Assets.xcassets */ = {isa = PBXFileReference; lastKnownFileType = folder.assetcatalog; path = "Preview Assets.xcassets"; sourceTree = "<group>"; };
		675B69B229485DBA00745629 /* SignupTests.xctest */ = {isa = PBXFileReference; explicitFileType = wrapper.cfbundle; includeInIndex = 0; path = SignupTests.xctest; sourceTree = BUILT_PRODUCTS_DIR; };
		675B69B629485DBA00745629 /* SignupTests.swift */ = {isa = PBXFileReference; lastKnownFileType = sourcecode.swift; path = SignupTests.swift; sourceTree = "<group>"; };
		675B69BC29485DBA00745629 /* SignupUITests.xctest */ = {isa = PBXFileReference; explicitFileType = wrapper.cfbundle; includeInIndex = 0; path = SignupUITests.xctest; sourceTree = BUILT_PRODUCTS_DIR; };
		675B69C029485DBA00745629 /* SignupUITests.swift */ = {isa = PBXFileReference; lastKnownFileType = sourcecode.swift; path = SignupUITests.swift; sourceTree = "<group>"; };
		675B69C229485DBA00745629 /* SignupUITestsLaunchTests.swift */ = {isa = PBXFileReference; lastKnownFileType = sourcecode.swift; path = SignupUITestsLaunchTests.swift; sourceTree = "<group>"; };
		675B69CF29485F4100745629 /* Color.swift */ = {isa = PBXFileReference; lastKnownFileType = sourcecode.swift; path = Color.swift; sourceTree = "<group>"; };
		67B2C4D92951B1420015467D /* SignIn.swift */ = {isa = PBXFileReference; lastKnownFileType = sourcecode.swift; path = SignIn.swift; sourceTree = "<group>"; };
		67B2C4DB295217830015467D /* Con.payment.swift */ = {isa = PBXFileReference; lastKnownFileType = sourcecode.swift; path = Con.payment.swift; sourceTree = "<group>"; };
		67B2C4DD2952183F0015467D /* Splash.swift */ = {isa = PBXFileReference; lastKnownFileType = sourcecode.swift; path = Splash.swift; sourceTree = "<group>"; };
/* End PBXFileReference section */

/* Begin PBXFrameworksBuildPhase section */
		675B699F29485DB800745629 /* Frameworks */ = {
			isa = PBXFrameworksBuildPhase;
			buildActionMask = 2147483647;
			files = (
			);
			runOnlyForDeploymentPostprocessing = 0;
		};
		675B69AF29485DBA00745629 /* Frameworks */ = {
			isa = PBXFrameworksBuildPhase;
			buildActionMask = 2147483647;
			files = (
			);
			runOnlyForDeploymentPostprocessing = 0;
		};
		675B69B929485DBA00745629 /* Frameworks */ = {
			isa = PBXFrameworksBuildPhase;
			buildActionMask = 2147483647;
			files = (
			);
			runOnlyForDeploymentPostprocessing = 0;
		};
/* End PBXFrameworksBuildPhase section */

/* Begin PBXGroup section */
		675B699929485DB800745629 = {
			isa = PBXGroup;
			children = (
				675B69A429485DB800745629 /* Signup */,
				675B69B529485DBA00745629 /* SignupTests */,
				675B69BF29485DBA00745629 /* SignupUITests */,
				675B69A329485DB800745629 /* Products */,
			);
			sourceTree = "<group>";
		};
		675B69A329485DB800745629 /* Products */ = {
			isa = PBXGroup;
			children = (
				675B69A229485DB800745629 /* Signup.app */,
				675B69B229485DBA00745629 /* SignupTests.xctest */,
				675B69BC29485DBA00745629 /* SignupUITests.xctest */,
			);
			name = Products;
			sourceTree = "<group>";
		};
		675B69A429485DB800745629 /* Signup */ = {
			isa = PBXGroup;
			children = (
				675B69A529485DB800745629 /* SignupApp.swift */,
				67B2C4DD2952183F0015467D /* Splash.swift */,
				675B69A729485DB800745629 /* SignUp.swift */,
				67B2C4D92951B1420015467D /* SignIn.swift */,
				67B2C4DB295217830015467D /* Con.payment.swift */,
				675B69CF29485F4100745629 /* Color.swift */,
				675B69A929485DBA00745629 /* Assets.xcassets */,
				675B69AB29485DBA00745629 /* Preview Content */,
			);
			path = Signup;
			sourceTree = "<group>";
		};
		675B69AB29485DBA00745629 /* Preview Content */ = {
			isa = PBXGroup;
			children = (
				675B69AC29485DBA00745629 /* Preview Assets.xcassets */,
			);
			path = "Preview Content";
			sourceTree = "<group>";
		};
		675B69B529485DBA00745629 /* SignupTests */ = {
			isa = PBXGroup;
			children = (
				675B69B629485DBA00745629 /* SignupTests.swift */,
			);
			path = SignupTests;
			sourceTree = "<group>";
		};
		675B69BF29485DBA00745629 /* SignupUITests */ = {
			isa = PBXGroup;
			children = (
				675B69C029485DBA00745629 /* SignupUITests.swift */,
				675B69C229485DBA00745629 /* SignupUITestsLaunchTests.swift */,
			);
			path = SignupUITests;
			sourceTree = "<group>";
		};
/* End PBXGroup section */

/* Begin PBXNativeTarget section */
		675B69A129485DB800745629 /* Signup */ = {
			isa = PBXNativeTarget;
			buildConfigurationList = 675B69C629485DBA00745629 /* Build configuration list for PBXNativeTarget "Signup" */;
			buildPhases = (
				675B699E29485DB800745629 /* Sources */,
				675B699F29485DB800745629 /* Frameworks */,
				675B69A029485DB800745629 /* Resources */,
			);
			buildRules = (
			);
			dependencies = (
			);
			name = Signup;
			productName = Signup;
			productReference = 675B69A229485DB800745629 /* Signup.app */;
			productType = "com.apple.product-type.application";
		};
		675B69B129485DBA00745629 /* SignupTests */ = {
			isa = PBXNativeTarget;
			buildConfigurationList = 675B69C929485DBA00745629 /* Build configuration list for PBXNativeTarget "SignupTests" */;
			buildPhases = (
				675B69AE29485DBA00745629 /* Sources */,
				675B69AF29485DBA00745629 /* Frameworks */,
				675B69B029485DBA00745629 /* Resources */,
			);
			buildRules = (
			);
			dependencies = (
				675B69B429485DBA00745629 /* PBXTargetDependency */,
			);
			name = SignupTests;
			productName = SignupTests;
			productReference = 675B69B229485DBA00745629 /* SignupTests.xctest */;
			productType = "com.apple.product-type.bundle.unit-test";
		};
		675B69BB29485DBA00745629 /* SignupUITests */ = {
			isa = PBXNativeTarget;
			buildConfigurationList = 675B69CC29485DBA00745629 /* Build configuration list for PBXNativeTarget "SignupUITests" */;
			buildPhases = (
				675B69B829485DBA00745629 /* Sources */,
				675B69B929485DBA00745629 /* Frameworks */,
				675B69BA29485DBA00745629 /* Resources */,
			);
			buildRules = (
			);
			dependencies = (
				675B69BE29485DBA00745629 /* PBXTargetDependency */,
			);
			name = SignupUITests;
			productName = SignupUITests;
			productReference = 675B69BC29485DBA00745629 /* SignupUITests.xctest */;
			productType = "com.apple.product-type.bundle.ui-testing";
		};
/* End PBXNativeTarget section */

/* Begin PBXProject section */
		675B699A29485DB800745629 /* Project object */ = {
			isa = PBXProject;
			attributes = {
				BuildIndependentTargetsInParallel = 1;
				LastSwiftUpdateCheck = 1410;
				LastUpgradeCheck = 1410;
				TargetAttributes = {
					675B69A129485DB800745629 = {
						CreatedOnToolsVersion = 14.1;
					};
					675B69B129485DBA00745629 = {
						CreatedOnToolsVersion = 14.1;
						TestTargetID = 675B69A129485DB800745629;
					};
					675B69BB29485DBA00745629 = {
						CreatedOnToolsVersion = 14.1;
						TestTargetID = 675B69A129485DB800745629;
					};
				};
			};
			buildConfigurationList = 675B699D29485DB800745629 /* Build configuration list for PBXProject "Signup" */;
			compatibilityVersion = "Xcode 14.0";
			developmentRegion = en;
			hasScannedForEncodings = 0;
			knownRegions = (
				en,
				Base,
			);
			mainGroup = 675B699929485DB800745629;
			productRefGroup = 675B69A329485DB800745629 /* Products */;
			projectDirPath = "";
			projectRoot = "";
			targets = (
				675B69A129485DB800745629 /* Signup */,
				675B69B129485DBA00745629 /* SignupTests */,
				675B69BB29485DBA00745629 /* SignupUITests */,
			);
		};
/* End PBXProject section */

/* Begin PBXResourcesBuildPhase section */
		675B69A029485DB800745629 /* Resources */ = {
			isa = PBXResourcesBuildPhase;
			buildActionMask = 2147483647;
			files = (
				675B69AD29485DBA00745629 /* Preview Assets.xcassets in Resources */,
				675B69AA29485DBA00745629 /* Assets.xcassets in Resources */,
			);
			runOnlyForDeploymentPostprocessing = 0;
		};
		675B69B029485DBA00745629 /* Resources */ = {
			isa = PBXResourcesBuildPhase;
			buildActionMask = 2147483647;
			files = (
			);
			runOnlyForDeploymentPostprocessing = 0;
		};
		675B69BA29485DBA00745629 /* Resources */ = {
			isa = PBXResourcesBuildPhase;
			buildActionMask = 2147483647;
			files = (
			);
			runOnlyForDeploymentPostprocessing = 0;
		};
/* End PBXResourcesBuildPhase section */

/* Begin PBXSourcesBuildPhase section */
		675B699E29485DB800745629 /* Sources */ = {
			isa = PBXSourcesBuildPhase;
			buildActionMask = 2147483647;
			files = (
				675B69A829485DB800745629 /* SignUp.swift in Sources */,
				675B69A629485DB800745629 /* SignupApp.swift in Sources */,
				675B69D029485F4100745629 /* Color.swift in Sources */,
				67B2C4DA2951B1420015467D /* SignIn.swift in Sources */,
				67B2C4DE2952183F0015467D /* Splash.swift in Sources */,
				67B2C4DC295217830015467D /* Con.payment.swift in Sources */,
			);
			runOnlyForDeploymentPostprocessing = 0;
		};
		675B69AE29485DBA00745629 /* Sources */ = {
			isa = PBXSourcesBuildPhase;
			buildActionMask = 2147483647;
			files = (
				675B69B729485DBA00745629 /* SignupTests.swift in Sources */,
			);
			runOnlyForDeploymentPostprocessing = 0;
		};
		675B69B829485DBA00745629 /* Sources */ = {
			isa = PBXSourcesBuildPhase;
			buildActionMask = 2147483647;
			files = (
				675B69C329485DBA00745629 /* SignupUITestsLaunchTests.swift in Sources */,
				675B69C129485DBA00745629 /* SignupUITests.swift in Sources */,
			);
			runOnlyForDeploymentPostprocessing = 0;
		};
/* End PBXSourcesBuildPhase section */

/* Begin PBXTargetDependency section */
		675B69B429485DBA00745629 /* PBXTargetDependency */ = {
			isa = PBXTargetDependency;
			target = 675B69A129485DB800745629 /* Signup */;
			targetProxy = 675B69B329485DBA00745629 /* PBXContainerItemProxy */;
		};
		675B69BE29485DBA00745629 /* PBXTargetDependency */ = {
			isa = PBXTargetDependency;
			target = 675B69A129485DB800745629 /* Signup */;
			targetProxy = 675B69BD29485DBA00745629 /* PBXContainerItemProxy */;
		};
/* End PBXTargetDependency section */

/* Begin XCBuildConfiguration section */
		675B69C429485DBA00745629 /* Debug */ = {
			isa = XCBuildConfiguration;
			buildSettings = {
				ALWAYS_SEARCH_USER_PATHS = NO;
				CLANG_ANALYZER_NONNULL = YES;
				CLANG_ANALYZER_NUMBER_OBJECT_CONVERSION = YES_AGGRESSIVE;
				CLANG_CXX_LANGUAGE_STANDARD = "gnu++20";
				CLANG_ENABLE_MODULES = YES;
				CLANG_ENABLE_OBJC_ARC = YES;
				CLANG_ENABLE_OBJC_WEAK = YES;
				CLANG_WARN_BLOCK_CAPTURE_AUTORELEASING = YES;
				CLANG_WARN_BOOL_CONVERSION = YES;
				CLANG_WARN_COMMA = YES;
				CLANG_WARN_CONSTANT_CONVERSION = YES;
				CLANG_WARN_DEPRECATED_OBJC_IMPLEMENTATIONS = YES;
				CLANG_WARN_DIRECT_OBJC_ISA_USAGE = YES_ERROR;
				CLANG_WARN_DOCUMENTATION_COMMENTS = YES;
				CLANG_WARN_EMPTY_BODY = YES;
				CLANG_WARN_ENUM_CONVERSION = YES;
				CLANG_WARN_INFINITE_RECURSION = YES;
				CLANG_WARN_INT_CONVERSION = YES;
				CLANG_WARN_NON_LITERAL_NULL_CONVERSION = YES;
				CLANG_WARN_OBJC_IMPLICIT_RETAIN_SELF = YES;
				CLANG_WARN_OBJC_LITERAL_CONVERSION = YES;
				CLANG_WARN_OBJC_ROOT_CLASS = YES_ERROR;
				CLANG_WARN_QUOTED_INCLUDE_IN_FRAMEWORK_HEADER = YES;
				CLANG_WARN_RANGE_LOOP_ANALYSIS = YES;
				CLANG_WARN_STRICT_PROTOTYPES = YES;
				CLANG_WARN_SUSPICIOUS_MOVE = YES;
				CLANG_WARN_UNGUARDED_AVAILABILITY = YES_AGGRESSIVE;
				CLANG_WARN_UNREACHABLE_CODE = YES;
				CLANG_WARN__DUPLICATE_METHOD_MATCH = YES;
				COPY_PHASE_STRIP = NO;
				DEBUG_INFORMATION_FORMAT = dwarf;
				ENABLE_STRICT_OBJC_MSGSEND = YES;
				ENABLE_TESTABILITY = YES;
				GCC_C_LANGUAGE_STANDARD = gnu11;
				GCC_DYNAMIC_NO_PIC = NO;
				GCC_NO_COMMON_BLOCKS = YES;
				GCC_OPTIMIZATION_LEVEL = 0;
				GCC_PREPROCESSOR_DEFINITIONS = (
					"DEBUG=1",
					"$(inherited)",
				);
				GCC_WARN_64_TO_32_BIT_CONVERSION = YES;
				GCC_WARN_ABOUT_RETURN_TYPE = YES_ERROR;
				GCC_WARN_UNDECLARED_SELECTOR = YES;
				GCC_WARN_UNINITIALIZED_AUTOS = YES_AGGRESSIVE;
				GCC_WARN_UNUSED_FUNCTION = YES;
				GCC_WARN_UNUSED_VARIABLE = YES;
				IPHONEOS_DEPLOYMENT_TARGET = 16.1;
				MTL_ENABLE_DEBUG_INFO = INCLUDE_SOURCE;
				MTL_FAST_MATH = YES;
				ONLY_ACTIVE_ARCH = YES;
				SDKROOT = iphoneos;
				SWIFT_ACTIVE_COMPILATION_CONDITIONS = DEBUG;
				SWIFT_OPTIMIZATION_LEVEL = "-Onone";
			};
			name = Debug;
		};
		675B69C529485DBA00745629 /* Release */ = {
			isa = XCBuildConfiguration;
			buildSettings = {
				ALWAYS_SEARCH_USER_PATHS = NO;
				CLANG_ANALYZER_NONNULL = YES;
				CLANG_ANALYZER_NUMBER_OBJECT_CONVERSION = YES_AGGRESSIVE;
				CLANG_CXX_LANGUAGE_STANDARD = "gnu++20";
				CLANG_ENABLE_MODULES = YES;
				CLANG_ENABLE_OBJC_ARC = YES;
				CLANG_ENABLE_OBJC_WEAK = YES;
				CLANG_WARN_BLOCK_CAPTURE_AUTORELEASING = YES;
				CLANG_WARN_BOOL_CONVERSION = YES;
				CLANG_WARN_COMMA = YES;
				CLANG_WARN_CONSTANT_CONVERSION = YES;
				CLANG_WARN_DEPRECATED_OBJC_IMPLEMENTATIONS = YES;
				CLANG_WARN_DIRECT_OBJC_ISA_USAGE = YES_ERROR;
				CLANG_WARN_DOCUMENTATION_COMMENTS = YES;
				CLANG_WARN_EMPTY_BODY = YES;
				CLANG_WARN_ENUM_CONVERSION = YES;
				CLANG_WARN_INFINITE_RECURSION = YES;
				CLANG_WARN_INT_CONVERSION = YES;
				CLANG_WARN_NON_LITERAL_NULL_CONVERSION = YES;
				CLANG_WARN_OBJC_IMPLICIT_RETAIN_SELF = YES;
				CLANG_WARN_OBJC_LITERAL_CONVERSION = YES;
				CLANG_WARN_OBJC_ROOT_CLASS = YES_ERROR;
				CLANG_WARN_QUOTED_INCLUDE_IN_FRAMEWORK_HEADER = YES;
				CLANG_WARN_RANGE_LOOP_ANALYSIS = YES;
				CLANG_WARN_STRICT_PROTOTYPES = YES;
				CLANG_WARN_SUSPICIOUS_MOVE = YES;
				CLANG_WARN_UNGUARDED_AVAILABILITY = YES_AGGRESSIVE;
				CLANG_WARN_UNREACHABLE_CODE = YES;
				CLANG_WARN__DUPLICATE_METHOD_MATCH = YES;
				COPY_PHASE_STRIP = NO;
				DEBUG_INFORMATION_FORMAT = "dwarf-with-dsym";
				ENABLE_NS_ASSERTIONS = NO;
				ENABLE_STRICT_OBJC_MSGSEND = YES;
				GCC_C_LANGUAGE_STANDARD = gnu11;
				GCC_NO_COMMON_BLOCKS = YES;
				GCC_WARN_64_TO_32_BIT_CONVERSION = YES;
				GCC_WARN_ABOUT_RETURN_TYPE = YES_ERROR;
				GCC_WARN_UNDECLARED_SELECTOR = YES;
				GCC_WARN_UNINITIALIZED_AUTOS = YES_AGGRESSIVE;
				GCC_WARN_UNUSED_FUNCTION = YES;
				GCC_WARN_UNUSED_VARIABLE = YES;
				IPHONEOS_DEPLOYMENT_TARGET = 16.1;
				MTL_ENABLE_DEBUG_INFO = NO;
				MTL_FAST_MATH = YES;
				SDKROOT = iphoneos;
				SWIFT_COMPILATION_MODE = wholemodule;
				SWIFT_OPTIMIZATION_LEVEL = "-O";
				VALIDATE_PRODUCT = YES;
			};
			name = Release;
		};
		675B69C729485DBA00745629 /* Debug */ = {
			isa = XCBuildConfiguration;
			buildSettings = {
				ASSETCATALOG_COMPILER_APPICON_NAME = AppIcon;
				ASSETCATALOG_COMPILER_GLOBAL_ACCENT_COLOR_NAME = AccentColor;
				CODE_SIGN_STYLE = Automatic;
				CURRENT_PROJECT_VERSION = 1;
				DEVELOPMENT_ASSET_PATHS = "\"Signup/Preview Content\"";
				ENABLE_PREVIEWS = YES;
				GENERATE_INFOPLIST_FILE = YES;
				INFOPLIST_KEY_UIApplicationSceneManifest_Generation = YES;
				INFOPLIST_KEY_UIApplicationSupportsIndirectInputEvents = YES;
				INFOPLIST_KEY_UILaunchScreen_Generation = YES;
				INFOPLIST_KEY_UISupportedInterfaceOrientations_iPad = "UIInterfaceOrientationPortrait UIInterfaceOrientationPortraitUpsideDown UIInterfaceOrientationLandscapeLeft UIInterfaceOrientationLandscapeRight";
				INFOPLIST_KEY_UISupportedInterfaceOrientations_iPhone = "UIInterfaceOrientationPortrait UIInterfaceOrientationLandscapeLeft UIInterfaceOrientationLandscapeRight";
				LD_RUNPATH_SEARCH_PATHS = (
					"$(inherited)",
					"@executable_path/Frameworks",
				);
				MARKETING_VERSION = 1.0;
				PRODUCT_BUNDLE_IDENTIFIER = TWQ.Signup;
				PRODUCT_NAME = "$(TARGET_NAME)";
				SWIFT_EMIT_LOC_STRINGS = YES;
				SWIFT_VERSION = 5.0;
				TARGETED_DEVICE_FAMILY = "1,2";
			};
			name = Debug;
		};
		675B69C829485DBA00745629 /* Release */ = {
			isa = XCBuildConfiguration;
			buildSettings = {
				ASSETCATALOG_COMPILER_APPICON_NAME = AppIcon;
				ASSETCATALOG_COMPILER_GLOBAL_ACCENT_COLOR_NAME = AccentColor;
				CODE_SIGN_STYLE = Automatic;
				CURRENT_PROJECT_VERSION = 1;
				DEVELOPMENT_ASSET_PATHS = "\"Signup/Preview Content\"";
				ENABLE_PREVIEWS = YES;
				GENERATE_INFOPLIST_FILE = YES;
				INFOPLIST_KEY_UIApplicationSceneManifest_Generation = YES;
				INFOPLIST_KEY_UIApplicationSupportsIndirectInputEvents = YES;
				INFOPLIST_KEY_UILaunchScreen_Generation = YES;
				INFOPLIST_KEY_UISupportedInterfaceOrientations_iPad = "UIInterfaceOrientationPortrait UIInterfaceOrientationPortraitUpsideDown UIInterfaceOrientationLandscapeLeft UIInterfaceOrientationLandscapeRight";
				INFOPLIST_KEY_UISupportedInterfaceOrientations_iPhone = "UIInterfaceOrientationPortrait UIInterfaceOrientationLandscapeLeft UIInterfaceOrientationLandscapeRight";
				LD_RUNPATH_SEARCH_PATHS = (
					"$(inherited)",
					"@executable_path/Frameworks",
				);
				MARKETING_VERSION = 1.0;
				PRODUCT_BUNDLE_IDENTIFIER = TWQ.Signup;
				PRODUCT_NAME = "$(TARGET_NAME)";
				SWIFT_EMIT_LOC_STRINGS = YES;
				SWIFT_VERSION = 5.0;
				TARGETED_DEVICE_FAMILY = "1,2";
			};
			name = Release;
		};
		675B69CA29485DBA00745629 /* Debug */ = {
			isa = XCBuildConfiguration;
			buildSettings = {
				ALWAYS_EMBED_SWIFT_STANDARD_LIBRARIES = YES;
				BUNDLE_LOADER = "$(TEST_HOST)";
				CODE_SIGN_STYLE = Automatic;
				CURRENT_PROJECT_VERSION = 1;
				GENERATE_INFOPLIST_FILE = YES;
				IPHONEOS_DEPLOYMENT_TARGET = 16.1;
				MARKETING_VERSION = 1.0;
				PRODUCT_BUNDLE_IDENTIFIER = TWQ.SignupTests;
				PRODUCT_NAME = "$(TARGET_NAME)";
				SWIFT_EMIT_LOC_STRINGS = NO;
				SWIFT_VERSION = 5.0;
				TARGETED_DEVICE_FAMILY = "1,2";
				TEST_HOST = "$(BUILT_PRODUCTS_DIR)/Signup.app/$(BUNDLE_EXECUTABLE_FOLDER_PATH)/Signup";
			};
			name = Debug;
		};
		675B69CB29485DBA00745629 /* Release */ = {
			isa = XCBuildConfiguration;
			buildSettings = {
				ALWAYS_EMBED_SWIFT_STANDARD_LIBRARIES = YES;
				BUNDLE_LOADER = "$(TEST_HOST)";
				CODE_SIGN_STYLE = Automatic;
				CURRENT_PROJECT_VERSION = 1;
				GENERATE_INFOPLIST_FILE = YES;
				IPHONEOS_DEPLOYMENT_TARGET = 16.1;
				MARKETING_VERSION = 1.0;
				PRODUCT_BUNDLE_IDENTIFIER = TWQ.SignupTests;
				PRODUCT_NAME = "$(TARGET_NAME)";
				SWIFT_EMIT_LOC_STRINGS = NO;
				SWIFT_VERSION = 5.0;
				TARGETED_DEVICE_FAMILY = "1,2";
				TEST_HOST = "$(BUILT_PRODUCTS_DIR)/Signup.app/$(BUNDLE_EXECUTABLE_FOLDER_PATH)/Signup";
			};
			name = Release;
		};
		675B69CD29485DBA00745629 /* Debug */ = {
			isa = XCBuildConfiguration;
			buildSettings = {
				ALWAYS_EMBED_SWIFT_STANDARD_LIBRARIES = YES;
				CODE_SIGN_STYLE = Automatic;
				CURRENT_PROJECT_VERSION = 1;
				GENERATE_INFOPLIST_FILE = YES;
				MARKETING_VERSION = 1.0;
				PRODUCT_BUNDLE_IDENTIFIER = TWQ.SignupUITests;
				PRODUCT_NAME = "$(TARGET_NAME)";
				SWIFT_EMIT_LOC_STRINGS = NO;
				SWIFT_VERSION = 5.0;
				TARGETED_DEVICE_FAMILY = "1,2";
				TEST_TARGET_NAME = Signup;
			};
			name = Debug;
		};
		675B69CE29485DBA00745629 /* Release */ = {
			isa = XCBuildConfiguration;
			buildSettings = {
				ALWAYS_EMBED_SWIFT_STANDARD_LIBRARIES = YES;
				CODE_SIGN_STYLE = Automatic;
				CURRENT_PROJECT_VERSION = 1;
				GENERATE_INFOPLIST_FILE = YES;
				MARKETING_VERSION = 1.0;
				PRODUCT_BUNDLE_IDENTIFIER = TWQ.SignupUITests;
				PRODUCT_NAME = "$(TARGET_NAME)";
				SWIFT_EMIT_LOC_STRINGS = NO;
				SWIFT_VERSION = 5.0;
				TARGETED_DEVICE_FAMILY = "1,2";
				TEST_TARGET_NAME = Signup;
			};
			name = Release;
		};
/* End XCBuildConfiguration section */

/* Begin XCConfigurationList section */
		675B699D29485DB800745629 /* Build configuration list for PBXProject "Signup" */ = {
			isa = XCConfigurationList;
			buildConfigurations = (
				675B69C429485DBA00745629 /* Debug */,
				675B69C529485DBA00745629 /* Release */,
			);
			defaultConfigurationIsVisible = 0;
			defaultConfigurationName = Release;
		};
		675B69C629485DBA00745629 /* Build configuration list for PBXNativeTarget "Signup" */ = {
			isa = XCConfigurationList;
			buildConfigurations = (
				675B69C729485DBA00745629 /* Debug */,
				675B69C829485DBA00745629 /* Release */,
			);
			defaultConfigurationIsVisible = 0;
			defaultConfigurationName = Release;
		};
		675B69C929485DBA00745629 /* Build configuration list for PBXNativeTarget "SignupTests" */ = {
			isa = XCConfigurationList;
			buildConfigurations = (
				675B69CA29485DBA00745629 /* Debug */,
				675B69CB29485DBA00745629 /* Release */,
			);
			defaultConfigurationIsVisible = 0;
			defaultConfigurationName = Release;
		};
		675B69CC29485DBA00745629 /* Build configuration list for PBXNativeTarget "SignupUITests" */ = {
			isa = XCConfigurationList;
			buildConfigurations = (
				675B69CD29485DBA00745629 /* Debug */,
				675B69CE29485DBA00745629 /* Release */,
			);
			defaultConfigurationIsVisible = 0;
			defaultConfigurationName = Release;
		};
/* End XCConfigurationList section */
	};
	rootObject = 675B699A29485DB800745629 /* Project object */;
}
